// !$*UTF8*$!
{
	archiveVersion = 1;
	classes = {
	};
	objectVersion = 46;
	objects = {

/* Begin PBXBuildFile section */
		933979CC18F512AC00891457 /* Foundation.framework in Frameworks */ = {isa = PBXBuildFile; fileRef = 933979CB18F512AC00891457 /* Foundation.framework */; };
		933979CE18F512AC00891457 /* CoreGraphics.framework in Frameworks */ = {isa = PBXBuildFile; fileRef = 933979CD18F512AC00891457 /* CoreGraphics.framework */; };
		933979D018F512AC00891457 /* UIKit.framework in Frameworks */ = {isa = PBXBuildFile; fileRef = 933979CF18F512AC00891457 /* UIKit.framework */; };
		933979D618F512AC00891457 /* InfoPlist.strings in Resources */ = {isa = PBXBuildFile; fileRef = 933979D418F512AC00891457 /* InfoPlist.strings */; };
		933979D818F512AC00891457 /* main.m in Sources */ = {isa = PBXBuildFile; fileRef = 933979D718F512AC00891457 /* main.m */; };
		933979DC18F512AC00891457 /* JMSAppDelegate.m in Sources */ = {isa = PBXBuildFile; fileRef = 933979DB18F512AC00891457 /* JMSAppDelegate.m */; };
		933979DF18F512AC00891457 /* Main.storyboard in Resources */ = {isa = PBXBuildFile; fileRef = 933979DD18F512AC00891457 /* Main.storyboard */; };
		933979E218F512AC00891457 /* JMSViewController.m in Sources */ = {isa = PBXBuildFile; fileRef = 933979E118F512AC00891457 /* JMSViewController.m */; };
		933979E418F512AC00891457 /* Images.xcassets in Resources */ = {isa = PBXBuildFile; fileRef = 933979E318F512AC00891457 /* Images.xcassets */; };
		933979EB18F512AC00891457 /* XCTest.framework in Frameworks */ = {isa = PBXBuildFile; fileRef = 933979EA18F512AC00891457 /* XCTest.framework */; };
		933979EC18F512AC00891457 /* Foundation.framework in Frameworks */ = {isa = PBXBuildFile; fileRef = 933979CB18F512AC00891457 /* Foundation.framework */; };
		933979ED18F512AC00891457 /* UIKit.framework in Frameworks */ = {isa = PBXBuildFile; fileRef = 933979CF18F512AC00891457 /* UIKit.framework */; };
		933979F518F512AC00891457 /* InfoPlist.strings in Resources */ = {isa = PBXBuildFile; fileRef = 933979F318F512AC00891457 /* InfoPlist.strings */; };
		933979F718F512AC00891457 /* ImHereTests.m in Sources */ = {isa = PBXBuildFile; fileRef = 933979F618F512AC00891457 /* ImHereTests.m */; };
/* End PBXBuildFile section */

/* Begin PBXContainerItemProxy section */
		933979EE18F512AC00891457 /* PBXContainerItemProxy */ = {
			isa = PBXContainerItemProxy;
			containerPortal = 933979C018F512AC00891457 /* Project object */;
			proxyType = 1;
			remoteGlobalIDString = 933979C718F512AC00891457;
			remoteInfo = ImHere;
		};
/* End PBXContainerItemProxy section */

/* Begin PBXFileReference section */
		933979C818F512AC00891457 /* ImHere.app */ = {isa = PBXFileReference; explicitFileType = wrapper.application; includeInIndex = 0; path = ImHere.app; sourceTree = BUILT_PRODUCTS_DIR; };
		933979CB18F512AC00891457 /* Foundation.framework */ = {isa = PBXFileReference; lastKnownFileType = wrapper.framework; name = Foundation.framework; path = System/Library/Frameworks/Foundation.framework; sourceTree = SDKROOT; };
		933979CD18F512AC00891457 /* CoreGraphics.framework */ = {isa = PBXFileReference; lastKnownFileType = wrapper.framework; name = CoreGraphics.framework; path = System/Library/Frameworks/CoreGraphics.framework; sourceTree = SDKROOT; };
		933979CF18F512AC00891457 /* UIKit.framework */ = {isa = PBXFileReference; lastKnownFileType = wrapper.framework; name = UIKit.framework; path = System/Library/Frameworks/UIKit.framework; sourceTree = SDKROOT; };
		933979D318F512AC00891457 /* ImHere-Info.plist */ = {isa = PBXFileReference; lastKnownFileType = text.plist.xml; path = "ImHere-Info.plist"; sourceTree = "<group>"; };
		933979D518F512AC00891457 /* en */ = {isa = PBXFileReference; lastKnownFileType = text.plist.strings; name = en; path = en.lproj/InfoPlist.strings; sourceTree = "<group>"; };
		933979D718F512AC00891457 /* main.m */ = {isa = PBXFileReference; lastKnownFileType = sourcecode.c.objc; path = main.m; sourceTree = "<group>"; };
		933979D918F512AC00891457 /* ImHere-Prefix.pch */ = {isa = PBXFileReference; lastKnownFileType = sourcecode.c.h; path = "ImHere-Prefix.pch"; sourceTree = "<group>"; };
		933979DA18F512AC00891457 /* JMSAppDelegate.h */ = {isa = PBXFileReference; lastKnownFileType = sourcecode.c.h; path = JMSAppDelegate.h; sourceTree = "<group>"; };
		933979DB18F512AC00891457 /* JMSAppDelegate.m */ = {isa = PBXFileReference; lastKnownFileType = sourcecode.c.objc; path = JMSAppDelegate.m; sourceTree = "<group>"; };
		933979DE18F512AC00891457 /* Base */ = {isa = PBXFileReference; lastKnownFileType = file.storyboard; name = Base; path = Base.lproj/Main.storyboard; sourceTree = "<group>"; };
		933979E018F512AC00891457 /* JMSViewController.h */ = {isa = PBXFileReference; lastKnownFileType = sourcecode.c.h; path = JMSViewController.h; sourceTree = "<group>"; };
		933979E118F512AC00891457 /* JMSViewController.m */ = {isa = PBXFileReference; lastKnownFileType = sourcecode.c.objc; path = JMSViewController.m; sourceTree = "<group>"; };
		933979E318F512AC00891457 /* Images.xcassets */ = {isa = PBXFileReference; lastKnownFileType = folder.assetcatalog; path = Images.xcassets; sourceTree = "<group>"; };
		933979E918F512AC00891457 /* ImHereTests.xctest */ = {isa = PBXFileReference; explicitFileType = wrapper.cfbundle; includeInIndex = 0; path = ImHereTests.xctest; sourceTree = BUILT_PRODUCTS_DIR; };
		933979EA18F512AC00891457 /* XCTest.framework */ = {isa = PBXFileReference; lastKnownFileType = wrapper.framework; name = XCTest.framework; path = Library/Frameworks/XCTest.framework; sourceTree = DEVELOPER_DIR; };
		933979F218F512AC00891457 /* ImHereTests-Info.plist */ = {isa = PBXFileReference; lastKnownFileType = text.plist.xml; path = "ImHereTests-Info.plist"; sourceTree = "<group>"; };
		933979F418F512AC00891457 /* en */ = {isa = PBXFileReference; lastKnownFileType = text.plist.strings; name = en; path = en.lproj/InfoPlist.strings; sourceTree = "<group>"; };
		933979F618F512AC00891457 /* ImHereTests.m */ = {isa = PBXFileReference; lastKnownFileType = sourcecode.c.objc; path = ImHereTests.m; sourceTree = "<group>"; };
/* End PBXFileReference section */

/* Begin PBXFrameworksBuildPhase section */
		933979C518F512AC00891457 /* Frameworks */ = {
			isa = PBXFrameworksBuildPhase;
			buildActionMask = 2147483647;
			files = (
				933979CE18F512AC00891457 /* CoreGraphics.framework in Frameworks */,
				933979D018F512AC00891457 /* UIKit.framework in Frameworks */,
				933979CC18F512AC00891457 /* Foundation.framework in Frameworks */,
			);
			runOnlyForDeploymentPostprocessing = 0;
		};
		933979E618F512AC00891457 /* Frameworks */ = {
			isa = PBXFrameworksBuildPhase;
			buildActionMask = 2147483647;
			files = (
				933979EB18F512AC00891457 /* XCTest.framework in Frameworks */,
				933979ED18F512AC00891457 /* UIKit.framework in Frameworks */,
				933979EC18F512AC00891457 /* Foundation.framework in Frameworks */,
			);
			runOnlyForDeploymentPostprocessing = 0;
		};
/* End PBXFrameworksBuildPhase section */

/* Begin PBXGroup section */
		933979BF18F512AC00891457 = {
			isa = PBXGroup;
			children = (
				933979D118F512AC00891457 /* ImHere */,
				933979F018F512AC00891457 /* ImHereTests */,
				933979CA18F512AC00891457 /* Frameworks */,
				933979C918F512AC00891457 /* Products */,
			);
			sourceTree = "<group>";
		};
		933979C918F512AC00891457 /* Products */ = {
			isa = PBXGroup;
			children = (
				933979C818F512AC00891457 /* ImHere.app */,
				933979E918F512AC00891457 /* ImHereTests.xctest */,
			);
			name = Products;
			sourceTree = "<group>";
		};
		933979CA18F512AC00891457 /* Frameworks */ = {
			isa = PBXGroup;
			children = (
				933979CB18F512AC00891457 /* Foundation.framework */,
				933979CD18F512AC00891457 /* CoreGraphics.framework */,
				933979CF18F512AC00891457 /* UIKit.framework */,
				933979EA18F512AC00891457 /* XCTest.framework */,
			);
			name = Frameworks;
			sourceTree = "<group>";
		};
		933979D118F512AC00891457 /* ImHere */ = {
			isa = PBXGroup;
			children = (
				933979DA18F512AC00891457 /* JMSAppDelegate.h */,
				933979DB18F512AC00891457 /* JMSAppDelegate.m */,
				933979DD18F512AC00891457 /* Main.storyboard */,
				933979E018F512AC00891457 /* JMSViewController.h */,
				933979E118F512AC00891457 /* JMSViewController.m */,
				933979E318F512AC00891457 /* Images.xcassets */,
				933979D218F512AC00891457 /* Supporting Files */,
			);
			path = ImHere;
			sourceTree = "<group>";
		};
		933979D218F512AC00891457 /* Supporting Files */ = {
			isa = PBXGroup;
			children = (
				933979D318F512AC00891457 /* ImHere-Info.plist */,
				933979D418F512AC00891457 /* InfoPlist.strings */,
				933979D718F512AC00891457 /* main.m */,
				933979D918F512AC00891457 /* ImHere-Prefix.pch */,
			);
			name = "Supporting Files";
			sourceTree = "<group>";
		};
		933979F018F512AC00891457 /* ImHereTests */ = {
			isa = PBXGroup;
			children = (
				933979F618F512AC00891457 /* ImHereTests.m */,
				933979F118F512AC00891457 /* Supporting Files */,
			);
			path = ImHereTests;
			sourceTree = "<group>";
		};
		933979F118F512AC00891457 /* Supporting Files */ = {
			isa = PBXGroup;
			children = (
				933979F218F512AC00891457 /* ImHereTests-Info.plist */,
				933979F318F512AC00891457 /* InfoPlist.strings */,
			);
			name = "Supporting Files";
			sourceTree = "<group>";
		};
/* End PBXGroup section */

/* Begin PBXNativeTarget section */
		933979C718F512AC00891457 /* I'm Here */ = {
			isa = PBXNativeTarget;
			buildConfigurationList = 933979FA18F512AC00891457 /* Build configuration list for PBXNativeTarget "I'm Here" */;
			buildPhases = (
				933979C418F512AC00891457 /* Sources */,
				933979C518F512AC00891457 /* Frameworks */,
				933979C618F512AC00891457 /* Resources */,
			);
			buildRules = (
			);
			dependencies = (
			);
			name = "I'm Here";
			productName = ImHere;
			productReference = 933979C818F512AC00891457 /* ImHere.app */;
			productType = "com.apple.product-type.application";
		};
		933979E818F512AC00891457 /* ImHereTests */ = {
			isa = PBXNativeTarget;
			buildConfigurationList = 933979FD18F512AC00891457 /* Build configuration list for PBXNativeTarget "ImHereTests" */;
			buildPhases = (
				933979E518F512AC00891457 /* Sources */,
				933979E618F512AC00891457 /* Frameworks */,
				933979E718F512AC00891457 /* Resources */,
			);
			buildRules = (
			);
			dependencies = (
				933979EF18F512AC00891457 /* PBXTargetDependency */,
			);
			name = ImHereTests;
			productName = ImHereTests;
			productReference = 933979E918F512AC00891457 /* ImHereTests.xctest */;
			productType = "com.apple.product-type.bundle.unit-test";
		};
/* End PBXNativeTarget section */

/* Begin PBXProject section */
		933979C018F512AC00891457 /* Project object */ = {
			isa = PBXProject;
			attributes = {
				CLASSPREFIX = JMS;
				LastUpgradeCheck = 0510;
				ORGANIZATIONNAME = jsorge;
				TargetAttributes = {
					933979E818F512AC00891457 = {
						TestTargetID = 933979C718F512AC00891457;
					};
				};
			};
			buildConfigurationList = 933979C318F512AC00891457 /* Build configuration list for PBXProject "ImHere" */;
			compatibilityVersion = "Xcode 3.2";
			developmentRegion = English;
			hasScannedForEncodings = 0;
			knownRegions = (
				en,
				Base,
			);
			mainGroup = 933979BF18F512AC00891457;
			productRefGroup = 933979C918F512AC00891457 /* Products */;
			projectDirPath = "";
			projectRoot = "";
			targets = (
				933979C718F512AC00891457 /* I'm Here */,
				933979E818F512AC00891457 /* ImHereTests */,
			);
		};
/* End PBXProject section */

/* Begin PBXResourcesBuildPhase section */
		933979C618F512AC00891457 /* Resources */ = {
			isa = PBXResourcesBuildPhase;
			buildActionMask = 2147483647;
			files = (
				933979E418F512AC00891457 /* Images.xcassets in Resources */,
				933979D618F512AC00891457 /* InfoPlist.strings in Resources */,
				933979DF18F512AC00891457 /* Main.storyboard in Resources */,
			);
			runOnlyForDeploymentPostprocessing = 0;
		};
		933979E718F512AC00891457 /* Resources */ = {
			isa = PBXResourcesBuildPhase;
			buildActionMask = 2147483647;
			files = (
				933979F518F512AC00891457 /* InfoPlist.strings in Resources */,
			);
			runOnlyForDeploymentPostprocessing = 0;
		};
/* End PBXResourcesBuildPhase section */

/* Begin PBXSourcesBuildPhase section */
		933979C418F512AC00891457 /* Sources */ = {
			isa = PBXSourcesBuildPhase;
			buildActionMask = 2147483647;
			files = (
				933979E218F512AC00891457 /* JMSViewController.m in Sources */,
				933979D818F512AC00891457 /* main.m in Sources */,
				933979DC18F512AC00891457 /* JMSAppDelegate.m in Sources */,
			);
			runOnlyForDeploymentPostprocessing = 0;
		};
		933979E518F512AC00891457 /* Sources */ = {
			isa = PBXSourcesBuildPhase;
			buildActionMask = 2147483647;
			files = (
				933979F718F512AC00891457 /* ImHereTests.m in Sources */,
			);
			runOnlyForDeploymentPostprocessing = 0;
		};
/* End PBXSourcesBuildPhase section */

/* Begin PBXTargetDependency section */
		933979EF18F512AC00891457 /* PBXTargetDependency */ = {
			isa = PBXTargetDependency;
			target = 933979C718F512AC00891457 /* I'm Here */;
			targetProxy = 933979EE18F512AC00891457 /* PBXContainerItemProxy */;
		};
/* End PBXTargetDependency section */

/* Begin PBXVariantGroup section */
		933979D418F512AC00891457 /* InfoPlist.strings */ = {
			isa = PBXVariantGroup;
			children = (
				933979D518F512AC00891457 /* en */,
			);
			name = InfoPlist.strings;
			sourceTree = "<group>";
		};
		933979DD18F512AC00891457 /* Main.storyboard */ = {
			isa = PBXVariantGroup;
			children = (
				933979DE18F512AC00891457 /* Base */,
			);
			name = Main.storyboard;
			sourceTree = "<group>";
		};
		933979F318F512AC00891457 /* InfoPlist.strings */ = {
			isa = PBXVariantGroup;
			children = (
				933979F418F512AC00891457 /* en */,
			);
			name = InfoPlist.strings;
			sourceTree = "<group>";
		};
/* End PBXVariantGroup section */

/* Begin XCBuildConfiguration section */
		933979F818F512AC00891457 /* Debug */ = {
			isa = XCBuildConfiguration;
			buildSettings = {
				ALWAYS_SEARCH_USER_PATHS = NO;
				CLANG_CXX_LANGUAGE_STANDARD = "gnu++0x";
				CLANG_CXX_LIBRARY = "libc++";
				CLANG_ENABLE_MODULES = YES;
				CLANG_ENABLE_OBJC_ARC = YES;
				CLANG_WARN_BOOL_CONVERSION = YES;
				CLANG_WARN_CONSTANT_CONVERSION = YES;
				CLANG_WARN_DIRECT_OBJC_ISA_USAGE = YES_ERROR;
				CLANG_WARN_EMPTY_BODY = YES;
				CLANG_WARN_ENUM_CONVERSION = YES;
				CLANG_WARN_INT_CONVERSION = YES;
				CLANG_WARN_OBJC_ROOT_CLASS = YES_ERROR;
				CLANG_WARN__DUPLICATE_METHOD_MATCH = YES;
				"CODE_SIGN_IDENTITY[sdk=iphoneos*]" = "iPhone Developer";
				COPY_PHASE_STRIP = NO;
				GCC_C_LANGUAGE_STANDARD = gnu99;
				GCC_DYNAMIC_NO_PIC = NO;
				GCC_OPTIMIZATION_LEVEL = 0;
				GCC_PREPROCESSOR_DEFINITIONS = (
					"DEBUG=1",
					"$(inherited)",
				);
				GCC_SYMBOLS_PRIVATE_EXTERN = NO;
				GCC_WARN_64_TO_32_BIT_CONVERSION = YES;
				GCC_WARN_ABOUT_RETURN_TYPE = YES_ERROR;
				GCC_WARN_UNDECLARED_SELECTOR = YES;
				GCC_WARN_UNINITIALIZED_AUTOS = YES_AGGRESSIVE;
				GCC_WARN_UNUSED_FUNCTION = YES;
				GCC_WARN_UNUSED_VARIABLE = YES;
				IPHONEOS_DEPLOYMENT_TARGET = 7.1;
				ONLY_ACTIVE_ARCH = YES;
				SDKROOT = iphoneos;
			};
			name = Debug;
		};
		933979F918F512AC00891457 /* Release */ = {
			isa = XCBuildConfiguration;
			buildSettings = {
				ALWAYS_SEARCH_USER_PATHS = NO;
				CLANG_CXX_LANGUAGE_STANDARD = "gnu++0x";
				CLANG_CXX_LIBRARY = "libc++";
				CLANG_ENABLE_MODULES = YES;
				CLANG_ENABLE_OBJC_ARC = YES;
				CLANG_WARN_BOOL_CONVERSION = YES;
				CLANG_WARN_CONSTANT_CONVERSION = YES;
				CLANG_WARN_DIRECT_OBJC_ISA_USAGE = YES_ERROR;
				CLANG_WARN_EMPTY_BODY = YES;
				CLANG_WARN_ENUM_CONVERSION = YES;
				CLANG_WARN_INT_CONVERSION = YES;
				CLANG_WARN_OBJC_ROOT_CLASS = YES_ERROR;
				CLANG_WARN__DUPLICATE_METHOD_MATCH = YES;
				"CODE_SIGN_IDENTITY[sdk=iphoneos*]" = "iPhone Developer";
				COPY_PHASE_STRIP = YES;
				ENABLE_NS_ASSERTIONS = NO;
				GCC_C_LANGUAGE_STANDARD = gnu99;
				GCC_WARN_64_TO_32_BIT_CONVERSION = YES;
				GCC_WARN_ABOUT_RETURN_TYPE = YES_ERROR;
				GCC_WARN_UNDECLARED_SELECTOR = YES;
				GCC_WARN_UNINITIALIZED_AUTOS = YES_AGGRESSIVE;
				GCC_WARN_UNUSED_FUNCTION = YES;
				GCC_WARN_UNUSED_VARIABLE = YES;
				IPHONEOS_DEPLOYMENT_TARGET = 7.1;
				SDKROOT = iphoneos;
				VALIDATE_PRODUCT = YES;
			};
			name = Release;
		};
		933979FB18F512AC00891457 /* Debug */ = {
			isa = XCBuildConfiguration;
			buildSettings = {
				ASSETCATALOG_COMPILER_APPICON_NAME = AppIcon;
				ASSETCATALOG_COMPILER_LAUNCHIMAGE_NAME = LaunchImage;
				GCC_PRECOMPILE_PREFIX_HEADER = YES;
				GCC_PREFIX_HEADER = "ImHere/ImHere-Prefix.pch";
				INFOPLIST_FILE = "ImHere/ImHere-Info.plist";
				PRODUCT_NAME = "$(TARGET_NAME)";
				WRAPPER_EXTENSION = app;
			};
			name = Debug;
		};
		933979FC18F512AC00891457 /* Release */ = {
			isa = XCBuildConfiguration;
			buildSettings = {
				ASSETCATALOG_COMPILER_APPICON_NAME = AppIcon;
				ASSETCATALOG_COMPILER_LAUNCHIMAGE_NAME = LaunchImage;
				GCC_PRECOMPILE_PREFIX_HEADER = YES;
				GCC_PREFIX_HEADER = "ImHere/ImHere-Prefix.pch";
				INFOPLIST_FILE = "ImHere/ImHere-Info.plist";
				PRODUCT_NAME = "$(TARGET_NAME)";
				WRAPPER_EXTENSION = app;
			};
			name = Release;
		};
		933979FE18F512AC00891457 /* Debug */ = {
			isa = XCBuildConfiguration;
			buildSettings = {
				BUNDLE_LOADER = "$(BUILT_PRODUCTS_DIR)/ImHere.app/ImHere";
				FRAMEWORK_SEARCH_PATHS = (
					"$(SDKROOT)/Developer/Library/Frameworks",
					"$(inherited)",
					"$(DEVELOPER_FRAMEWORKS_DIR)",
				);
				GCC_PRECOMPILE_PREFIX_HEADER = YES;
				GCC_PREFIX_HEADER = "ImHere/ImHere-Prefix.pch";
				GCC_PREPROCESSOR_DEFINITIONS = (
					"DEBUG=1",
					"$(inherited)",
				);
				INFOPLIST_FILE = "ImHereTests/ImHereTests-Info.plist";
				PRODUCT_NAME = "$(TARGET_NAME)";
				TEST_HOST = "$(BUNDLE_LOADER)";
				WRAPPER_EXTENSION = xctest;
			};
			name = Debug;
		};
		933979FF18F512AC00891457 /* Release */ = {
			isa = XCBuildConfiguration;
			buildSettings = {
				BUNDLE_LOADER = "$(BUILT_PRODUCTS_DIR)/ImHere.app/ImHere";
				FRAMEWORK_SEARCH_PATHS = (
					"$(SDKROOT)/Developer/Library/Frameworks",
					"$(inherited)",
					"$(DEVELOPER_FRAMEWORKS_DIR)",
				);
				GCC_PRECOMPILE_PREFIX_HEADER = YES;
				GCC_PREFIX_HEADER = "ImHere/ImHere-Prefix.pch";
				INFOPLIST_FILE = "ImHereTests/ImHereTests-Info.plist";
				PRODUCT_NAME = "$(TARGET_NAME)";
				TEST_HOST = "$(BUNDLE_LOADER)";
				WRAPPER_EXTENSION = xctest;
			};
			name = Release;
		};
/* End XCBuildConfiguration section */

/* Begin XCConfigurationList section */
		933979C318F512AC00891457 /* Build configuration list for PBXProject "ImHere" */ = {
			isa = XCConfigurationList;
			buildConfigurations = (
				933979F818F512AC00891457 /* Debug */,
				933979F918F512AC00891457 /* Release */,
			);
			defaultConfigurationIsVisible = 0;
			defaultConfigurationName = Release;
		};
		933979FA18F512AC00891457 /* Build configuration list for PBXNativeTarget "I'm Here" */ = {
			isa = XCConfigurationList;
			buildConfigurations = (
				933979FB18F512AC00891457 /* Debug */,
				933979FC18F512AC00891457 /* Release */,
			);
			defaultConfigurationIsVisible = 0;
		};
		933979FD18F512AC00891457 /* Build configuration list for PBXNativeTarget "ImHereTests" */ = {
			isa = XCConfigurationList;
			buildConfigurations = (
				933979FE18F512AC00891457 /* Debug */,
				933979FF18F512AC00891457 /* Release */,
			);
			defaultConfigurationIsVisible = 0;
		};
/* End XCConfigurationList section */
	};
	rootObject = 933979C018F512AC00891457 /* Project object */;
}
