// !$*UTF8*$!
{
	archiveVersion = 1;
	classes = {
	};
	objectVersion = 46;
	objects = {

/* Begin PBXBuildFile section */
		9339797F18F073D900891457 /* Foundation.framework in Frameworks */ = {isa = PBXBuildFile; fileRef = 9339797E18F073D900891457 /* Foundation.framework */; };
		9339798118F073D900891457 /* CoreGraphics.framework in Frameworks */ = {isa = PBXBuildFile; fileRef = 9339798018F073D900891457 /* CoreGraphics.framework */; };
		9339798318F073D900891457 /* UIKit.framework in Frameworks */ = {isa = PBXBuildFile; fileRef = 9339798218F073D900891457 /* UIKit.framework */; };
		9339798918F073D900891457 /* InfoPlist.strings in Resources */ = {isa = PBXBuildFile; fileRef = 9339798718F073D900891457 /* InfoPlist.strings */; };
		9339798B18F073D900891457 /* main.m in Sources */ = {isa = PBXBuildFile; fileRef = 9339798A18F073D900891457 /* main.m */; };
		9339798F18F073D900891457 /* JMSAppDelegate.m in Sources */ = {isa = PBXBuildFile; fileRef = 9339798E18F073D900891457 /* JMSAppDelegate.m */; };
		9339799218F073D900891457 /* Main.storyboard in Resources */ = {isa = PBXBuildFile; fileRef = 9339799018F073D900891457 /* Main.storyboard */; };
		9339799518F073D900891457 /* JMSViewController.m in Sources */ = {isa = PBXBuildFile; fileRef = 9339799418F073D900891457 /* JMSViewController.m */; };
		9339799718F073D900891457 /* Images.xcassets in Resources */ = {isa = PBXBuildFile; fileRef = 9339799618F073D900891457 /* Images.xcassets */; };
		9339799E18F073DA00891457 /* XCTest.framework in Frameworks */ = {isa = PBXBuildFile; fileRef = 9339799D18F073DA00891457 /* XCTest.framework */; };
		9339799F18F073DA00891457 /* Foundation.framework in Frameworks */ = {isa = PBXBuildFile; fileRef = 9339797E18F073D900891457 /* Foundation.framework */; };
		933979A018F073DA00891457 /* UIKit.framework in Frameworks */ = {isa = PBXBuildFile; fileRef = 9339798218F073D900891457 /* UIKit.framework */; };
		933979A818F073DA00891457 /* InfoPlist.strings in Resources */ = {isa = PBXBuildFile; fileRef = 933979A618F073DA00891457 /* InfoPlist.strings */; };
		933979AA18F073DA00891457 /* CP130_HW1Tests.m in Sources */ = {isa = PBXBuildFile; fileRef = 933979A918F073DA00891457 /* CP130_HW1Tests.m */; };
		933979B518F0741400891457 /* JMSAddition.m in Sources */ = {isa = PBXBuildFile; fileRef = 933979B418F0741400891457 /* JMSAddition.m */; };
/* End PBXBuildFile section */

/* Begin PBXContainerItemProxy section */
		933979A118F073DA00891457 /* PBXContainerItemProxy */ = {
			isa = PBXContainerItemProxy;
			containerPortal = 9339797318F073D900891457 /* Project object */;
			proxyType = 1;
			remoteGlobalIDString = 9339797A18F073D900891457;
			remoteInfo = CP130_HW1;
		};
/* End PBXContainerItemProxy section */

/* Begin PBXFileReference section */
		9339797B18F073D900891457 /* CP130_HW1.app */ = {isa = PBXFileReference; explicitFileType = wrapper.application; includeInIndex = 0; path = CP130_HW1.app; sourceTree = BUILT_PRODUCTS_DIR; };
		9339797E18F073D900891457 /* Foundation.framework */ = {isa = PBXFileReference; lastKnownFileType = wrapper.framework; name = Foundation.framework; path = System/Library/Frameworks/Foundation.framework; sourceTree = SDKROOT; };
		9339798018F073D900891457 /* CoreGraphics.framework */ = {isa = PBXFileReference; lastKnownFileType = wrapper.framework; name = CoreGraphics.framework; path = System/Library/Frameworks/CoreGraphics.framework; sourceTree = SDKROOT; };
		9339798218F073D900891457 /* UIKit.framework */ = {isa = PBXFileReference; lastKnownFileType = wrapper.framework; name = UIKit.framework; path = System/Library/Frameworks/UIKit.framework; sourceTree = SDKROOT; };
		9339798618F073D900891457 /* CP130_HW1-Info.plist */ = {isa = PBXFileReference; lastKnownFileType = text.plist.xml; path = "CP130_HW1-Info.plist"; sourceTree = "<group>"; };
		9339798818F073D900891457 /* en */ = {isa = PBXFileReference; lastKnownFileType = text.plist.strings; name = en; path = en.lproj/InfoPlist.strings; sourceTree = "<group>"; };
		9339798A18F073D900891457 /* main.m */ = {isa = PBXFileReference; lastKnownFileType = sourcecode.c.objc; path = main.m; sourceTree = "<group>"; };
		9339798C18F073D900891457 /* CP130_HW1-Prefix.pch */ = {isa = PBXFileReference; lastKnownFileType = sourcecode.c.h; path = "CP130_HW1-Prefix.pch"; sourceTree = "<group>"; };
		9339798D18F073D900891457 /* JMSAppDelegate.h */ = {isa = PBXFileReference; lastKnownFileType = sourcecode.c.h; path = JMSAppDelegate.h; sourceTree = "<group>"; };
		9339798E18F073D900891457 /* JMSAppDelegate.m */ = {isa = PBXFileReference; lastKnownFileType = sourcecode.c.objc; path = JMSAppDelegate.m; sourceTree = "<group>"; };
		9339799118F073D900891457 /* Base */ = {isa = PBXFileReference; lastKnownFileType = file.storyboard; name = Base; path = Base.lproj/Main.storyboard; sourceTree = "<group>"; };
		9339799318F073D900891457 /* JMSViewController.h */ = {isa = PBXFileReference; lastKnownFileType = sourcecode.c.h; path = JMSViewController.h; sourceTree = "<group>"; };
		9339799418F073D900891457 /* JMSViewController.m */ = {isa = PBXFileReference; lastKnownFileType = sourcecode.c.objc; path = JMSViewController.m; sourceTree = "<group>"; };
		9339799618F073D900891457 /* Images.xcassets */ = {isa = PBXFileReference; lastKnownFileType = folder.assetcatalog; path = Images.xcassets; sourceTree = "<group>"; };
		9339799C18F073DA00891457 /* CP130_HW1Tests.xctest */ = {isa = PBXFileReference; explicitFileType = wrapper.cfbundle; includeInIndex = 0; path = CP130_HW1Tests.xctest; sourceTree = BUILT_PRODUCTS_DIR; };
		9339799D18F073DA00891457 /* XCTest.framework */ = {isa = PBXFileReference; lastKnownFileType = wrapper.framework; name = XCTest.framework; path = Library/Frameworks/XCTest.framework; sourceTree = DEVELOPER_DIR; };
		933979A518F073DA00891457 /* CP130_HW1Tests-Info.plist */ = {isa = PBXFileReference; lastKnownFileType = text.plist.xml; path = "CP130_HW1Tests-Info.plist"; sourceTree = "<group>"; };
		933979A718F073DA00891457 /* en */ = {isa = PBXFileReference; lastKnownFileType = text.plist.strings; name = en; path = en.lproj/InfoPlist.strings; sourceTree = "<group>"; };
		933979A918F073DA00891457 /* CP130_HW1Tests.m */ = {isa = PBXFileReference; lastKnownFileType = sourcecode.c.objc; path = CP130_HW1Tests.m; sourceTree = "<group>"; };
		933979B318F0741400891457 /* JMSAddition.h */ = {isa = PBXFileReference; fileEncoding = 4; lastKnownFileType = sourcecode.c.h; path = JMSAddition.h; sourceTree = "<group>"; };
		933979B418F0741400891457 /* JMSAddition.m */ = {isa = PBXFileReference; fileEncoding = 4; lastKnownFileType = sourcecode.c.objc; path = JMSAddition.m; sourceTree = "<group>"; };
/* End PBXFileReference section */

/* Begin PBXFrameworksBuildPhase section */
		9339797818F073D900891457 /* Frameworks */ = {
			isa = PBXFrameworksBuildPhase;
			buildActionMask = 2147483647;
			files = (
				9339798118F073D900891457 /* CoreGraphics.framework in Frameworks */,
				9339798318F073D900891457 /* UIKit.framework in Frameworks */,
				9339797F18F073D900891457 /* Foundation.framework in Frameworks */,
			);
			runOnlyForDeploymentPostprocessing = 0;
		};
		9339799918F073DA00891457 /* Frameworks */ = {
			isa = PBXFrameworksBuildPhase;
			buildActionMask = 2147483647;
			files = (
				9339799E18F073DA00891457 /* XCTest.framework in Frameworks */,
				933979A018F073DA00891457 /* UIKit.framework in Frameworks */,
				9339799F18F073DA00891457 /* Foundation.framework in Frameworks */,
			);
			runOnlyForDeploymentPostprocessing = 0;
		};
/* End PBXFrameworksBuildPhase section */

/* Begin PBXGroup section */
		9339797218F073D900891457 = {
			isa = PBXGroup;
			children = (
				9339798418F073D900891457 /* CP130_HW1 */,
				933979A318F073DA00891457 /* CP130_HW1Tests */,
				9339797D18F073D900891457 /* Frameworks */,
				9339797C18F073D900891457 /* Products */,
			);
			sourceTree = "<group>";
		};
		9339797C18F073D900891457 /* Products */ = {
			isa = PBXGroup;
			children = (
				9339797B18F073D900891457 /* CP130_HW1.app */,
				9339799C18F073DA00891457 /* CP130_HW1Tests.xctest */,
			);
			name = Products;
			sourceTree = "<group>";
		};
		9339797D18F073D900891457 /* Frameworks */ = {
			isa = PBXGroup;
			children = (
				9339797E18F073D900891457 /* Foundation.framework */,
				9339798018F073D900891457 /* CoreGraphics.framework */,
				9339798218F073D900891457 /* UIKit.framework */,
				9339799D18F073DA00891457 /* XCTest.framework */,
			);
			name = Frameworks;
			sourceTree = "<group>";
		};
		9339798418F073D900891457 /* CP130_HW1 */ = {
			isa = PBXGroup;
			children = (
				9339798D18F073D900891457 /* JMSAppDelegate.h */,
				9339798E18F073D900891457 /* JMSAppDelegate.m */,
				9339799018F073D900891457 /* Main.storyboard */,
				9339799318F073D900891457 /* JMSViewController.h */,
				9339799418F073D900891457 /* JMSViewController.m */,
				933979B318F0741400891457 /* JMSAddition.h */,
				933979B418F0741400891457 /* JMSAddition.m */,
				9339799618F073D900891457 /* Images.xcassets */,
				9339798518F073D900891457 /* Supporting Files */,
			);
			path = CP130_HW1;
			sourceTree = "<group>";
		};
		9339798518F073D900891457 /* Supporting Files */ = {
			isa = PBXGroup;
			children = (
				9339798618F073D900891457 /* CP130_HW1-Info.plist */,
				9339798718F073D900891457 /* InfoPlist.strings */,
				9339798A18F073D900891457 /* main.m */,
				9339798C18F073D900891457 /* CP130_HW1-Prefix.pch */,
			);
			name = "Supporting Files";
			sourceTree = "<group>";
		};
		933979A318F073DA00891457 /* CP130_HW1Tests */ = {
			isa = PBXGroup;
			children = (
				933979A918F073DA00891457 /* CP130_HW1Tests.m */,
				933979A418F073DA00891457 /* Supporting Files */,
			);
			path = CP130_HW1Tests;
			sourceTree = "<group>";
		};
		933979A418F073DA00891457 /* Supporting Files */ = {
			isa = PBXGroup;
			children = (
				933979A518F073DA00891457 /* CP130_HW1Tests-Info.plist */,
				933979A618F073DA00891457 /* InfoPlist.strings */,
			);
			name = "Supporting Files";
			sourceTree = "<group>";
		};
/* End PBXGroup section */

/* Begin PBXNativeTarget section */
		9339797A18F073D900891457 /* CP130_HW1 */ = {
			isa = PBXNativeTarget;
			buildConfigurationList = 933979AD18F073DA00891457 /* Build configuration list for PBXNativeTarget "CP130_HW1" */;
			buildPhases = (
				9339797718F073D900891457 /* Sources */,
				9339797818F073D900891457 /* Frameworks */,
				9339797918F073D900891457 /* Resources */,
			);
			buildRules = (
			);
			dependencies = (
			);
			name = CP130_HW1;
			productName = CP130_HW1;
			productReference = 9339797B18F073D900891457 /* CP130_HW1.app */;
			productType = "com.apple.product-type.application";
		};
		9339799B18F073DA00891457 /* CP130_HW1Tests */ = {
			isa = PBXNativeTarget;
			buildConfigurationList = 933979B018F073DA00891457 /* Build configuration list for PBXNativeTarget "CP130_HW1Tests" */;
			buildPhases = (
				9339799818F073DA00891457 /* Sources */,
				9339799918F073DA00891457 /* Frameworks */,
				9339799A18F073DA00891457 /* Resources */,
			);
			buildRules = (
			);
			dependencies = (
				933979A218F073DA00891457 /* PBXTargetDependency */,
			);
			name = CP130_HW1Tests;
			productName = CP130_HW1Tests;
			productReference = 9339799C18F073DA00891457 /* CP130_HW1Tests.xctest */;
			productType = "com.apple.product-type.bundle.unit-test";
		};
/* End PBXNativeTarget section */

/* Begin PBXProject section */
		9339797318F073D900891457 /* Project object */ = {
			isa = PBXProject;
			attributes = {
				CLASSPREFIX = JMS;
				LastUpgradeCheck = 0510;
				ORGANIZATIONNAME = jsorge;
				TargetAttributes = {
					9339799B18F073DA00891457 = {
						TestTargetID = 9339797A18F073D900891457;
					};
				};
			};
			buildConfigurationList = 9339797618F073D900891457 /* Build configuration list for PBXProject "CP130_HW1" */;
			compatibilityVersion = "Xcode 3.2";
			developmentRegion = English;
			hasScannedForEncodings = 0;
			knownRegions = (
				en,
				Base,
			);
			mainGroup = 9339797218F073D900891457;
			productRefGroup = 9339797C18F073D900891457 /* Products */;
			projectDirPath = "";
			projectRoot = "";
			targets = (
				9339797A18F073D900891457 /* CP130_HW1 */,
				9339799B18F073DA00891457 /* CP130_HW1Tests */,
			);
		};
/* End PBXProject section */

/* Begin PBXResourcesBuildPhase section */
		9339797918F073D900891457 /* Resources */ = {
			isa = PBXResourcesBuildPhase;
			buildActionMask = 2147483647;
			files = (
				9339799718F073D900891457 /* Images.xcassets in Resources */,
				9339798918F073D900891457 /* InfoPlist.strings in Resources */,
				9339799218F073D900891457 /* Main.storyboard in Resources */,
			);
			runOnlyForDeploymentPostprocessing = 0;
		};
		9339799A18F073DA00891457 /* Resources */ = {
			isa = PBXResourcesBuildPhase;
			buildActionMask = 2147483647;
			files = (
				933979A818F073DA00891457 /* InfoPlist.strings in Resources */,
			);
			runOnlyForDeploymentPostprocessing = 0;
		};
/* End PBXResourcesBuildPhase section */

/* Begin PBXSourcesBuildPhase section */
		9339797718F073D900891457 /* Sources */ = {
			isa = PBXSourcesBuildPhase;
			buildActionMask = 2147483647;
			files = (
				9339799518F073D900891457 /* JMSViewController.m in Sources */,
				9339798B18F073D900891457 /* main.m in Sources */,
				933979B518F0741400891457 /* JMSAddition.m in Sources */,
				9339798F18F073D900891457 /* JMSAppDelegate.m in Sources */,
			);
			runOnlyForDeploymentPostprocessing = 0;
		};
		9339799818F073DA00891457 /* Sources */ = {
			isa = PBXSourcesBuildPhase;
			buildActionMask = 2147483647;
			files = (
				933979AA18F073DA00891457 /* CP130_HW1Tests.m in Sources */,
			);
			runOnlyForDeploymentPostprocessing = 0;
		};
/* End PBXSourcesBuildPhase section */

/* Begin PBXTargetDependency section */
		933979A218F073DA00891457 /* PBXTargetDependency */ = {
			isa = PBXTargetDependency;
			target = 9339797A18F073D900891457 /* CP130_HW1 */;
			targetProxy = 933979A118F073DA00891457 /* PBXContainerItemProxy */;
		};
/* End PBXTargetDependency section */

/* Begin PBXVariantGroup section */
		9339798718F073D900891457 /* InfoPlist.strings */ = {
			isa = PBXVariantGroup;
			children = (
				9339798818F073D900891457 /* en */,
			);
			name = InfoPlist.strings;
			sourceTree = "<group>";
		};
		9339799018F073D900891457 /* Main.storyboard */ = {
			isa = PBXVariantGroup;
			children = (
				9339799118F073D900891457 /* Base */,
			);
			name = Main.storyboard;
			sourceTree = "<group>";
		};
		933979A618F073DA00891457 /* InfoPlist.strings */ = {
			isa = PBXVariantGroup;
			children = (
				933979A718F073DA00891457 /* en */,
			);
			name = InfoPlist.strings;
			sourceTree = "<group>";
		};
/* End PBXVariantGroup section */

/* Begin XCBuildConfiguration section */
		933979AB18F073DA00891457 /* Debug */ = {
			isa = XCBuildConfiguration;
			buildSettings = {
				ALWAYS_SEARCH_USER_PATHS = NO;
				CLANG_CXX_LANGUAGE_STANDARD = "gnu++0x";
				CLANG_CXX_LIBRARY = "libc++";
				CLANG_ENABLE_MODULES = YES;
				CLANG_ENABLE_OBJC_ARC = YES;
				CLANG_WARN_BOOL_CONVERSION = YES;
				CLANG_WARN_CONSTANT_CONVERSION = YES;
				CLANG_WARN_DIRECT_OBJC_ISA_USAGE = YES_ERROR;
				CLANG_WARN_EMPTY_BODY = YES;
				CLANG_WARN_ENUM_CONVERSION = YES;
				CLANG_WARN_INT_CONVERSION = YES;
				CLANG_WARN_OBJC_ROOT_CLASS = YES_ERROR;
				CLANG_WARN__DUPLICATE_METHOD_MATCH = YES;
				"CODE_SIGN_IDENTITY[sdk=iphoneos*]" = "iPhone Developer";
				COPY_PHASE_STRIP = NO;
				GCC_C_LANGUAGE_STANDARD = gnu99;
				GCC_DYNAMIC_NO_PIC = NO;
				GCC_OPTIMIZATION_LEVEL = 0;
				GCC_PREPROCESSOR_DEFINITIONS = (
					"DEBUG=1",
					"$(inherited)",
				);
				GCC_SYMBOLS_PRIVATE_EXTERN = NO;
				GCC_WARN_64_TO_32_BIT_CONVERSION = YES;
				GCC_WARN_ABOUT_RETURN_TYPE = YES_ERROR;
				GCC_WARN_UNDECLARED_SELECTOR = YES;
				GCC_WARN_UNINITIALIZED_AUTOS = YES_AGGRESSIVE;
				GCC_WARN_UNUSED_FUNCTION = YES;
				GCC_WARN_UNUSED_VARIABLE = YES;
				IPHONEOS_DEPLOYMENT_TARGET = 7.1;
				ONLY_ACTIVE_ARCH = YES;
				SDKROOT = iphoneos;
			};
			name = Debug;
		};
		933979AC18F073DA00891457 /* Release */ = {
			isa = XCBuildConfiguration;
			buildSettings = {
				ALWAYS_SEARCH_USER_PATHS = NO;
				CLANG_CXX_LANGUAGE_STANDARD = "gnu++0x";
				CLANG_CXX_LIBRARY = "libc++";
				CLANG_ENABLE_MODULES = YES;
				CLANG_ENABLE_OBJC_ARC = YES;
				CLANG_WARN_BOOL_CONVERSION = YES;
				CLANG_WARN_CONSTANT_CONVERSION = YES;
				CLANG_WARN_DIRECT_OBJC_ISA_USAGE = YES_ERROR;
				CLANG_WARN_EMPTY_BODY = YES;
				CLANG_WARN_ENUM_CONVERSION = YES;
				CLANG_WARN_INT_CONVERSION = YES;
				CLANG_WARN_OBJC_ROOT_CLASS = YES_ERROR;
				CLANG_WARN__DUPLICATE_METHOD_MATCH = YES;
				"CODE_SIGN_IDENTITY[sdk=iphoneos*]" = "iPhone Developer";
				COPY_PHASE_STRIP = YES;
				ENABLE_NS_ASSERTIONS = NO;
				GCC_C_LANGUAGE_STANDARD = gnu99;
				GCC_WARN_64_TO_32_BIT_CONVERSION = YES;
				GCC_WARN_ABOUT_RETURN_TYPE = YES_ERROR;
				GCC_WARN_UNDECLARED_SELECTOR = YES;
				GCC_WARN_UNINITIALIZED_AUTOS = YES_AGGRESSIVE;
				GCC_WARN_UNUSED_FUNCTION = YES;
				GCC_WARN_UNUSED_VARIABLE = YES;
				IPHONEOS_DEPLOYMENT_TARGET = 7.1;
				SDKROOT = iphoneos;
				VALIDATE_PRODUCT = YES;
			};
			name = Release;
		};
		933979AE18F073DA00891457 /* Debug */ = {
			isa = XCBuildConfiguration;
			buildSettings = {
				ASSETCATALOG_COMPILER_APPICON_NAME = AppIcon;
				ASSETCATALOG_COMPILER_LAUNCHIMAGE_NAME = LaunchImage;
				GCC_PRECOMPILE_PREFIX_HEADER = YES;
				GCC_PREFIX_HEADER = "CP130_HW1/CP130_HW1-Prefix.pch";
				INFOPLIST_FILE = "CP130_HW1/CP130_HW1-Info.plist";
				PRODUCT_NAME = "$(TARGET_NAME)";
				WRAPPER_EXTENSION = app;
			};
			name = Debug;
		};
		933979AF18F073DA00891457 /* Release */ = {
			isa = XCBuildConfiguration;
			buildSettings = {
				ASSETCATALOG_COMPILER_APPICON_NAME = AppIcon;
				ASSETCATALOG_COMPILER_LAUNCHIMAGE_NAME = LaunchImage;
				GCC_PRECOMPILE_PREFIX_HEADER = YES;
				GCC_PREFIX_HEADER = "CP130_HW1/CP130_HW1-Prefix.pch";
				INFOPLIST_FILE = "CP130_HW1/CP130_HW1-Info.plist";
				PRODUCT_NAME = "$(TARGET_NAME)";
				WRAPPER_EXTENSION = app;
			};
			name = Release;
		};
		933979B118F073DA00891457 /* Debug */ = {
			isa = XCBuildConfiguration;
			buildSettings = {
				BUNDLE_LOADER = "$(BUILT_PRODUCTS_DIR)/CP130_HW1.app/CP130_HW1";
				FRAMEWORK_SEARCH_PATHS = (
					"$(SDKROOT)/Developer/Library/Frameworks",
					"$(inherited)",
					"$(DEVELOPER_FRAMEWORKS_DIR)",
				);
				GCC_PRECOMPILE_PREFIX_HEADER = YES;
				GCC_PREFIX_HEADER = "CP130_HW1/CP130_HW1-Prefix.pch";
				GCC_PREPROCESSOR_DEFINITIONS = (
					"DEBUG=1",
					"$(inherited)",
				);
				INFOPLIST_FILE = "CP130_HW1Tests/CP130_HW1Tests-Info.plist";
				PRODUCT_NAME = "$(TARGET_NAME)";
				TEST_HOST = "$(BUNDLE_LOADER)";
				WRAPPER_EXTENSION = xctest;
			};
			name = Debug;
		};
		933979B218F073DA00891457 /* Release */ = {
			isa = XCBuildConfiguration;
			buildSettings = {
				BUNDLE_LOADER = "$(BUILT_PRODUCTS_DIR)/CP130_HW1.app/CP130_HW1";
				FRAMEWORK_SEARCH_PATHS = (
					"$(SDKROOT)/Developer/Library/Frameworks",
					"$(inherited)",
					"$(DEVELOPER_FRAMEWORKS_DIR)",
				);
				GCC_PRECOMPILE_PREFIX_HEADER = YES;
				GCC_PREFIX_HEADER = "CP130_HW1/CP130_HW1-Prefix.pch";
				INFOPLIST_FILE = "CP130_HW1Tests/CP130_HW1Tests-Info.plist";
				PRODUCT_NAME = "$(TARGET_NAME)";
				TEST_HOST = "$(BUNDLE_LOADER)";
				WRAPPER_EXTENSION = xctest;
			};
			name = Release;
		};
/* End XCBuildConfiguration section */

/* Begin XCConfigurationList section */
		9339797618F073D900891457 /* Build configuration list for PBXProject "CP130_HW1" */ = {
			isa = XCConfigurationList;
			buildConfigurations = (
				933979AB18F073DA00891457 /* Debug */,
				933979AC18F073DA00891457 /* Release */,
			);
			defaultConfigurationIsVisible = 0;
			defaultConfigurationName = Release;
		};
		933979AD18F073DA00891457 /* Build configuration list for PBXNativeTarget "CP130_HW1" */ = {
			isa = XCConfigurationList;
			buildConfigurations = (
				933979AE18F073DA00891457 /* Debug */,
				933979AF18F073DA00891457 /* Release */,
			);
			defaultConfigurationIsVisible = 0;
		};
		933979B018F073DA00891457 /* Build configuration list for PBXNativeTarget "CP130_HW1Tests" */ = {
			isa = XCConfigurationList;
			buildConfigurations = (
				933979B118F073DA00891457 /* Debug */,
				933979B218F073DA00891457 /* Release */,
			);
			defaultConfigurationIsVisible = 0;
		};
/* End XCConfigurationList section */
	};
	rootObject = 9339797318F073D900891457 /* Project object */;
}
